
Microsoft Visual Studio Solution File, Format Version 12.00
# Visual Studio Version 17
VisualStudioVersion = 17.3.32929.385
MinimumVisualStudioVersion = 10.0.40219.1
Project("{FAE04EC0-301F-11D3-BF4B-00C04F79EFBC}") = "product", "product.csproj", "{8F57B3AB-D9A0-4A99-9668-41EB10E0176D}"
EndProject
Global
	GlobalSection(SolutionConfigurationPlatforms) = preSolution
		Debug|Any CPU = Debug|Any CPU
		Release|Any CPU = Release|Any CPU
	EndGlobalSection
	GlobalSection(ProjectConfigurationPlatforms) = postSolution
		{8F57B3AB-D9A0-4A99-9668-41EB10E0176D}.Debug|Any CPU.ActiveCfg = Debug|Any CPU
		{8F57B3AB-D9A0-4A99-9668-41EB10E0176D}.Debug|Any CPU.Build.0 = Debug|Any CPU
		{8F57B3AB-D9A0-4A99-9668-41EB10E0176D}.Release|Any CPU.ActiveCfg = Release|Any CPU
		{8F57B3AB-D9A0-4A99-9668-41EB10E0176D}.Release|Any CPU.Build.0 = Release|Any CPU
	EndGlobalSection
	GlobalSection(SolutionProperties) = preSolution
		HideSolutionNode = FALSE
	EndGlobalSection
	GlobalSection(ExtensibilityGlobals) = postSolution
		SolutionGuid = {EF605D11-25AF-4B2B-847E-F1DD6FD6D601}
	EndGlobalSection
EndGlobal
